
Microsoft Visual Studio Solution File, Format Version 12.00
# Visual Studio Version 16
VisualStudioVersion = 16.0.31624.102
MinimumVisualStudioVersion = 10.0.40219.1
Project("{2150E333-8FDC-42A3-9474-1A3956D46DE8}") = "Client", "Client", "{141CDABF-5995-4A7F-A08D-49E938EE2C7C}"
EndProject
Project("{2150E333-8FDC-42A3-9474-1A3956D46DE8}") = "Server", "Server", "{7D7B5F26-8845-41CC-88BC-001CB980A67F}"
EndProject
Project("{2150E333-8FDC-42A3-9474-1A3956D46DE8}") = "Solution Items", "Solution Items", "{A7103A25-DA4D-4628-8FC0-1E937EA17C21}"
	ProjectSection(SolutionItems) = preProject
		..\..\..\Downloads\azure-pipelines.yml = ..\..\..\Downloads\azure-pipelines.yml
		readme.md = readme.md
	EndProjectSection
EndProject
Project("{9A19103F-16F7-4668-BE54-9A1E7A4F7556}") = "FileProcessingService.ConsoleApp", "Client\FileProcessingService.ConsoleApp\FileProcessingService.ConsoleApp.csproj", "{12E981D1-73C3-48A9-8BB3-C0946FABFC4F}"
EndProject
Project("{9A19103F-16F7-4668-BE54-9A1E7A4F7556}") = "FileProcessingService.API", "Server\FileProcessingService.API\FileProcessingService.API.csproj", "{303562CF-43A2-4280-9E40-5BC0DB7EF210}"
EndProject
Project("{2150E333-8FDC-42A3-9474-1A3956D46DE8}") = "Tests", "Tests", "{99E6FC28-D4EA-45A1-BD4A-14D24657A84A}"
EndProject
Project("{9A19103F-16F7-4668-BE54-9A1E7A4F7556}") = "FileProcessingService.Application", "Server\FileProcessingService.Application\FileProcessingService.Application.csproj", "{F9C44268-F3F7-44E9-A365-1770CA43694B}"
EndProject
Project("{9A19103F-16F7-4668-BE54-9A1E7A4F7556}") = "FileProcessingService.Persistence", "Server\FileProcessingService.Persistence\FileProcessingService.Persistence.csproj", "{BF2B130D-27E0-425B-BD42-593E61317B0C}"
EndProject
Project("{9A19103F-16F7-4668-BE54-9A1E7A4F7556}") = "FileProcessingService.Infrastructure", "Server\FileProcessingService.Infrastructure\FileProcessingService.Infrastructure.csproj", "{1BCDF7FB-B4F5-485B-B0BD-227F140F5E53}"
EndProject
Project("{9A19103F-16F7-4668-BE54-9A1E7A4F7556}") = "FileProcessingService.Domain", "Server\FileProcessingService.Domain\FileProcessingService.Domain.csproj", "{D224110D-D79A-4F2F-9132-7B0CDC58696A}"
EndProject
Project("{2150E333-8FDC-42A3-9474-1A3956D46DE8}") = "Shared", "Shared", "{C3440596-915A-45F7-88A9-9DDFEEAB418C}"
EndProject
Project("{9A19103F-16F7-4668-BE54-9A1E7A4F7556}") = "FileProcessingService.Shared", "Shared\FileProcessingService.Shared\FileProcessingService.Shared.csproj", "{A2674278-7A73-4D72-86FA-422757D67E3D}"
EndProject
Project("{9A19103F-16F7-4668-BE54-9A1E7A4F7556}") = "FileProcessingService.UnitTests", "Tests\FileProcessingService.UnitTests\FileProcessingService.UnitTests.csproj", "{821E5552-B667-4DE1-B3EF-C0C4FB6B1DB1}"
EndProject
Global
	GlobalSection(SolutionConfigurationPlatforms) = preSolution
		Debug|Any CPU = Debug|Any CPU
		Release|Any CPU = Release|Any CPU
	EndGlobalSection
	GlobalSection(ProjectConfigurationPlatforms) = postSolution
		{12E981D1-73C3-48A9-8BB3-C0946FABFC4F}.Debug|Any CPU.ActiveCfg = Debug|Any CPU
		{12E981D1-73C3-48A9-8BB3-C0946FABFC4F}.Debug|Any CPU.Build.0 = Debug|Any CPU
		{12E981D1-73C3-48A9-8BB3-C0946FABFC4F}.Release|Any CPU.ActiveCfg = Release|Any CPU
		{12E981D1-73C3-48A9-8BB3-C0946FABFC4F}.Release|Any CPU.Build.0 = Release|Any CPU
		{303562CF-43A2-4280-9E40-5BC0DB7EF210}.Debug|Any CPU.ActiveCfg = Debug|Any CPU
		{303562CF-43A2-4280-9E40-5BC0DB7EF210}.Debug|Any CPU.Build.0 = Debug|Any CPU
		{303562CF-43A2-4280-9E40-5BC0DB7EF210}.Release|Any CPU.ActiveCfg = Release|Any CPU
		{303562CF-43A2-4280-9E40-5BC0DB7EF210}.Release|Any CPU.Build.0 = Release|Any CPU
		{F9C44268-F3F7-44E9-A365-1770CA43694B}.Debug|Any CPU.ActiveCfg = Debug|Any CPU
		{F9C44268-F3F7-44E9-A365-1770CA43694B}.Debug|Any CPU.Build.0 = Debug|Any CPU
		{F9C44268-F3F7-44E9-A365-1770CA43694B}.Release|Any CPU.ActiveCfg = Release|Any CPU
		{F9C44268-F3F7-44E9-A365-1770CA43694B}.Release|Any CPU.Build.0 = Release|Any CPU
		{BF2B130D-27E0-425B-BD42-593E61317B0C}.Debug|Any CPU.ActiveCfg = Debug|Any CPU
		{BF2B130D-27E0-425B-BD42-593E61317B0C}.Debug|Any CPU.Build.0 = Debug|Any CPU
		{BF2B130D-27E0-425B-BD42-593E61317B0C}.Release|Any CPU.ActiveCfg = Release|Any CPU
		{BF2B130D-27E0-425B-BD42-593E61317B0C}.Release|Any CPU.Build.0 = Release|Any CPU
		{1BCDF7FB-B4F5-485B-B0BD-227F140F5E53}.Debug|Any CPU.ActiveCfg = Debug|Any CPU
		{1BCDF7FB-B4F5-485B-B0BD-227F140F5E53}.Debug|Any CPU.Build.0 = Debug|Any CPU
		{1BCDF7FB-B4F5-485B-B0BD-227F140F5E53}.Release|Any CPU.ActiveCfg = Release|Any CPU
		{1BCDF7FB-B4F5-485B-B0BD-227F140F5E53}.Release|Any CPU.Build.0 = Release|Any CPU
		{D224110D-D79A-4F2F-9132-7B0CDC58696A}.Debug|Any CPU.ActiveCfg = Debug|Any CPU
		{D224110D-D79A-4F2F-9132-7B0CDC58696A}.Debug|Any CPU.Build.0 = Debug|Any CPU
		{D224110D-D79A-4F2F-9132-7B0CDC58696A}.Release|Any CPU.ActiveCfg = Release|Any CPU
		{D224110D-D79A-4F2F-9132-7B0CDC58696A}.Release|Any CPU.Build.0 = Release|Any CPU
		{A2674278-7A73-4D72-86FA-422757D67E3D}.Debug|Any CPU.ActiveCfg = Debug|Any CPU
		{A2674278-7A73-4D72-86FA-422757D67E3D}.Debug|Any CPU.Build.0 = Debug|Any CPU
		{A2674278-7A73-4D72-86FA-422757D67E3D}.Release|Any CPU.ActiveCfg = Release|Any CPU
		{A2674278-7A73-4D72-86FA-422757D67E3D}.Release|Any CPU.Build.0 = Release|Any CPU
		{821E5552-B667-4DE1-B3EF-C0C4FB6B1DB1}.Debug|Any CPU.ActiveCfg = Debug|Any CPU
		{821E5552-B667-4DE1-B3EF-C0C4FB6B1DB1}.Debug|Any CPU.Build.0 = Debug|Any CPU
		{821E5552-B667-4DE1-B3EF-C0C4FB6B1DB1}.Release|Any CPU.ActiveCfg = Release|Any CPU
		{821E5552-B667-4DE1-B3EF-C0C4FB6B1DB1}.Release|Any CPU.Build.0 = Release|Any CPU
	EndGlobalSection
	GlobalSection(SolutionProperties) = preSolution
		HideSolutionNode = FALSE
	EndGlobalSection
	GlobalSection(NestedProjects) = preSolution
		{12E981D1-73C3-48A9-8BB3-C0946FABFC4F} = {141CDABF-5995-4A7F-A08D-49E938EE2C7C}
		{303562CF-43A2-4280-9E40-5BC0DB7EF210} = {7D7B5F26-8845-41CC-88BC-001CB980A67F}
		{F9C44268-F3F7-44E9-A365-1770CA43694B} = {7D7B5F26-8845-41CC-88BC-001CB980A67F}
		{BF2B130D-27E0-425B-BD42-593E61317B0C} = {7D7B5F26-8845-41CC-88BC-001CB980A67F}
		{1BCDF7FB-B4F5-485B-B0BD-227F140F5E53} = {7D7B5F26-8845-41CC-88BC-001CB980A67F}
		{D224110D-D79A-4F2F-9132-7B0CDC58696A} = {7D7B5F26-8845-41CC-88BC-001CB980A67F}
		{A2674278-7A73-4D72-86FA-422757D67E3D} = {C3440596-915A-45F7-88A9-9DDFEEAB418C}
		{821E5552-B667-4DE1-B3EF-C0C4FB6B1DB1} = {99E6FC28-D4EA-45A1-BD4A-14D24657A84A}
	EndGlobalSection
	GlobalSection(ExtensibilityGlobals) = postSolution
		SolutionGuid = {0E05F136-D5E1-41EE-BF29-58EC3C2F55E1}
	EndGlobalSection
EndGlobal
